
Microsoft Visual Studio Solution File, Format Version 12.00
# Visual Studio Version 17
VisualStudioVersion = 17.11.35208.52
MinimumVisualStudioVersion = 10.0.40219.1
Project("{9A19103F-16F7-4668-BE54-9A1E7A4F7556}") = "Calculation", "Calculation\Calculation.csproj", "{21DCEF67-CDF3-47D4-A59B-3DE3DF43668D}"
EndProject
Project("{9A19103F-16F7-4668-BE54-9A1E7A4F7556}") = "CalculationTest", "CalculationTest\CalculationTest.csproj", "{00CA6E39-0D54-45A1-A428-7D6BC6185769}"
EndProject
Project("{FAE04EC0-301F-11D3-BF4B-00C04F79EFBC}") = "HelloWebApp", "HelloWebApp\HelloWebApp.csproj", "{FBC1FBB1-A662-40D3-8CEE-DA15BE36A297}"
EndProject
Global
	GlobalSection(SolutionConfigurationPlatforms) = preSolution
		Debug|Any CPU = Debug|Any CPU
		Release|Any CPU = Release|Any CPU
	EndGlobalSection
	GlobalSection(ProjectConfigurationPlatforms) = postSolution
		{21DCEF67-CDF3-47D4-A59B-3DE3DF43668D}.Debug|Any CPU.ActiveCfg = Debug|Any CPU
		{21DCEF67-CDF3-47D4-A59B-3DE3DF43668D}.Debug|Any CPU.Build.0 = Debug|Any CPU
		{21DCEF67-CDF3-47D4-A59B-3DE3DF43668D}.Release|Any CPU.ActiveCfg = Release|Any CPU
		{21DCEF67-CDF3-47D4-A59B-3DE3DF43668D}.Release|Any CPU.Build.0 = Release|Any CPU
		{00CA6E39-0D54-45A1-A428-7D6BC6185769}.Debug|Any CPU.ActiveCfg = Debug|Any CPU
		{00CA6E39-0D54-45A1-A428-7D6BC6185769}.Debug|Any CPU.Build.0 = Debug|Any CPU
		{00CA6E39-0D54-45A1-A428-7D6BC6185769}.Release|Any CPU.ActiveCfg = Release|Any CPU
		{00CA6E39-0D54-45A1-A428-7D6BC6185769}.Release|Any CPU.Build.0 = Release|Any CPU
		{FBC1FBB1-A662-40D3-8CEE-DA15BE36A297}.Debug|Any CPU.ActiveCfg = Debug|Any CPU
		{FBC1FBB1-A662-40D3-8CEE-DA15BE36A297}.Debug|Any CPU.Build.0 = Debug|Any CPU
		{FBC1FBB1-A662-40D3-8CEE-DA15BE36A297}.Release|Any CPU.ActiveCfg = Release|Any CPU
		{FBC1FBB1-A662-40D3-8CEE-DA15BE36A297}.Release|Any CPU.Build.0 = Release|Any CPU
	EndGlobalSection
	GlobalSection(SolutionProperties) = preSolution
		HideSolutionNode = FALSE
	EndGlobalSection
	GlobalSection(ExtensibilityGlobals) = postSolution
		SolutionGuid = {CC5426F2-4EF3-4ECA-80AB-898F5EAAF067}
	EndGlobalSection
EndGlobal
